{
    "_meta": {
        "hash": {
            "sha256": "d7fc15fffefdb3506f8231c3e41c08e53b20355605681145460c2c80a93b1be0"
        },
        "pipfile-spec": 6,
        "requires": {
            "python_version": "3.10"
        },
        "sources": [
            {
                "name": "pypi",
                "url": "https://pypi.org/simple",
                "verify_ssl": true
            }
        ]
    },
    "default": {
        "networkx": {
            "hashes": [
                "sha256:2a30822761f34d56b9a370d96a4bf4827a535f5591a4078a453425caeba0c5bb",
                "sha256:bd2b7730300860cbd2dafe8e5af89ff5c9a65c3975b352799d87a6238b4301a6"
            ],
            "index": "pypi",
            "version": "==2.8.6"
        }
    },
    "develop": {}
}
